
Microsoft Visual Studio Solution File, Format Version 12.00
# Visual Studio Version 17
VisualStudioVersion = 17.10.35027.167
MinimumVisualStudioVersion = 10.0.40219.1
Project("{FAE04EC0-301F-11D3-BF4B-00C04F79EFBC}") = "CodeFirstRelation", "CodeFirstRelation\CodeFirstRelation.csproj", "{EB15AE0F-D571-4735-BFB6-21237A382B80}"
EndProject
Global
	GlobalSection(SolutionConfigurationPlatforms) = preSolution
		Debug|Any CPU = Debug|Any CPU
		Release|Any CPU = Release|Any CPU
	EndGlobalSection
	GlobalSection(ProjectConfigurationPlatforms) = postSolution
		{EB15AE0F-D571-4735-BFB6-21237A382B80}.Debug|Any CPU.ActiveCfg = Debug|Any CPU
		{EB15AE0F-D571-4735-BFB6-21237A382B80}.Debug|Any CPU.Build.0 = Debug|Any CPU
		{EB15AE0F-D571-4735-BFB6-21237A382B80}.Release|Any CPU.ActiveCfg = Release|Any CPU
		{EB15AE0F-D571-4735-BFB6-21237A382B80}.Release|Any CPU.Build.0 = Release|Any CPU
	EndGlobalSection
	GlobalSection(SolutionProperties) = preSolution
		HideSolutionNode = FALSE
	EndGlobalSection
	GlobalSection(ExtensibilityGlobals) = postSolution
		SolutionGuid = {BA2CFB54-66FE-437A-847D-D5A602317E91}
	EndGlobalSection
EndGlobal
